
Microsoft Visual Studio Solution File, Format Version 12.00
# Visual Studio Version 16
VisualStudioVersion = 25.0.1706.4
MinimumVisualStudioVersion = 10.0.40219.1
Project("{FAE04EC0-301F-11D3-BF4B-00C04F79EFBC}") = "ежедневник", "ежедневник\ежедневник.csproj", "{1B107E30-7155-4967-94C0-270FD6AE2013}"
EndProject
Global
	GlobalSection(SolutionConfigurationPlatforms) = preSolution
		Debug|Any CPU = Debug|Any CPU
		Release|Any CPU = Release|Any CPU
	EndGlobalSection
	GlobalSection(ProjectConfigurationPlatforms) = postSolution
		{1B107E30-7155-4967-94C0-270FD6AE2013}.Debug|Any CPU.ActiveCfg = Debug|Any CPU
		{1B107E30-7155-4967-94C0-270FD6AE2013}.Debug|Any CPU.Build.0 = Debug|Any CPU
		{1B107E30-7155-4967-94C0-270FD6AE2013}.Release|Any CPU.ActiveCfg = Release|Any CPU
		{1B107E30-7155-4967-94C0-270FD6AE2013}.Release|Any CPU.Build.0 = Release|Any CPU
	EndGlobalSection
	GlobalSection(SolutionProperties) = preSolution
		HideSolutionNode = FALSE
	EndGlobalSection
	GlobalSection(ExtensibilityGlobals) = postSolution
		SolutionGuid = {EBDAE7B7-F608-47F7-9769-46DACA395601}
	EndGlobalSection
EndGlobal
